// !$*UTF8*$!
{
	archiveVersion = 1;
	classes = {
	};
	objectVersion = 50;
	objects = {

/* Begin PBXBuildFile section */
		6630C2CC279EF9B600A05ABB /* BaseListViewController.swift in Sources */ = {isa = PBXBuildFile; fileRef = 6630C2CB279EF9B600A05ABB /* BaseListViewController.swift */; };
		6630C2CF279F1C3500A05ABB /* TableViewControllerWithNormalTitle.swift in Sources */ = {isa = PBXBuildFile; fileRef = 6630C2CE279F1C3500A05ABB /* TableViewControllerWithNormalTitle.swift */; };
		6630C2D1279F48AD00A05ABB /* TableViewWithNormalTitle.swift in Sources */ = {isa = PBXBuildFile; fileRef = 6630C2D0279F48AD00A05ABB /* TableViewWithNormalTitle.swift */; };
		6630C2D3279F4E1400A05ABB /* CollectionViewControllerWithLargeTitle.swift in Sources */ = {isa = PBXBuildFile; fileRef = 6630C2D2279F4E1400A05ABB /* CollectionViewControllerWithLargeTitle.swift */; };
		6630C2D6279F502100A05ABB /* CustomCollectionViewCell.swift in Sources */ = {isa = PBXBuildFile; fileRef = 6630C2D5279F502100A05ABB /* CustomCollectionViewCell.swift */; };
		6630C2D8279F52BC00A05ABB /* UIScrollViewWIthLargeTitle.swift in Sources */ = {isa = PBXBuildFile; fileRef = 6630C2D7279F52BC00A05ABB /* UIScrollViewWIthLargeTitle.swift */; };
		669B25A326C1685F00FA5C5E /* AppDelegate.swift in Sources */ = {isa = PBXBuildFile; fileRef = 669B25A226C1685F00FA5C5E /* AppDelegate.swift */; };
		669B25A526C1685F00FA5C5E /* SceneDelegate.swift in Sources */ = {isa = PBXBuildFile; fileRef = 669B25A426C1685F00FA5C5E /* SceneDelegate.swift */; };
		669B25A726C1685F00FA5C5E /* TableViewControllerWithLargeTitle.swift in Sources */ = {isa = PBXBuildFile; fileRef = 669B25A626C1685F00FA5C5E /* TableViewControllerWithLargeTitle.swift */; };
		669B25AC26C1686000FA5C5E /* Assets.xcassets in Resources */ = {isa = PBXBuildFile; fileRef = 669B25AB26C1686000FA5C5E /* Assets.xcassets */; };
		669B25AF26C1686000FA5C5E /* LaunchScreen.storyboard in Resources */ = {isa = PBXBuildFile; fileRef = 669B25AD26C1686000FA5C5E /* LaunchScreen.storyboard */; };
		669B25B726C1BEAE00FA5C5E /* TableViewWithLargeTitle.swift in Sources */ = {isa = PBXBuildFile; fileRef = 669B25B626C1BEAE00FA5C5E /* TableViewWithLargeTitle.swift */; };
/* End PBXBuildFile section */

/* Begin PBXFileReference section */
		6630C2CB279EF9B600A05ABB /* BaseListViewController.swift */ = {isa = PBXFileReference; lastKnownFileType = sourcecode.swift; path = BaseListViewController.swift; sourceTree = "<group>"; };
		6630C2CE279F1C3500A05ABB /* TableViewControllerWithNormalTitle.swift */ = {isa = PBXFileReference; lastKnownFileType = sourcecode.swift; path = TableViewControllerWithNormalTitle.swift; sourceTree = "<group>"; };
		6630C2D0279F48AD00A05ABB /* TableViewWithNormalTitle.swift */ = {isa = PBXFileReference; lastKnownFileType = sourcecode.swift; path = TableViewWithNormalTitle.swift; sourceTree = "<group>"; };
		6630C2D2279F4E1400A05ABB /* CollectionViewControllerWithLargeTitle.swift */ = {isa = PBXFileReference; lastKnownFileType = sourcecode.swift; path = CollectionViewControllerWithLargeTitle.swift; sourceTree = "<group>"; };
		6630C2D5279F502100A05ABB /* CustomCollectionViewCell.swift */ = {isa = PBXFileReference; lastKnownFileType = sourcecode.swift; path = CustomCollectionViewCell.swift; sourceTree = "<group>"; };
		6630C2D7279F52BC00A05ABB /* UIScrollViewWIthLargeTitle.swift */ = {isa = PBXFileReference; lastKnownFileType = sourcecode.swift; path = UIScrollViewWIthLargeTitle.swift; sourceTree = "<group>"; };
		669B259F26C1685F00FA5C5E /* TableViewRefreshTest.app */ = {isa = PBXFileReference; explicitFileType = wrapper.application; includeInIndex = 0; path = TableViewRefreshTest.app; sourceTree = BUILT_PRODUCTS_DIR; };
		669B25A226C1685F00FA5C5E /* AppDelegate.swift */ = {isa = PBXFileReference; lastKnownFileType = sourcecode.swift; path = AppDelegate.swift; sourceTree = "<group>"; };
		669B25A426C1685F00FA5C5E /* SceneDelegate.swift */ = {isa = PBXFileReference; lastKnownFileType = sourcecode.swift; path = SceneDelegate.swift; sourceTree = "<group>"; };
		669B25A626C1685F00FA5C5E /* TableViewControllerWithLargeTitle.swift */ = {isa = PBXFileReference; lastKnownFileType = sourcecode.swift; path = TableViewControllerWithLargeTitle.swift; sourceTree = "<group>"; };
		669B25AB26C1686000FA5C5E /* Assets.xcassets */ = {isa = PBXFileReference; lastKnownFileType = folder.assetcatalog; path = Assets.xcassets; sourceTree = "<group>"; };
		669B25AE26C1686000FA5C5E /* Base */ = {isa = PBXFileReference; lastKnownFileType = file.storyboard; name = Base; path = Base.lproj/LaunchScreen.storyboard; sourceTree = "<group>"; };
		669B25B026C1686000FA5C5E /* Info.plist */ = {isa = PBXFileReference; lastKnownFileType = text.plist.xml; path = Info.plist; sourceTree = "<group>"; };
		669B25B626C1BEAE00FA5C5E /* TableViewWithLargeTitle.swift */ = {isa = PBXFileReference; lastKnownFileType = sourcecode.swift; path = TableViewWithLargeTitle.swift; sourceTree = "<group>"; };
/* End PBXFileReference section */

/* Begin PBXFrameworksBuildPhase section */
		669B259C26C1685F00FA5C5E /* Frameworks */ = {
			isa = PBXFrameworksBuildPhase;
			buildActionMask = 2147483647;
			files = (
			);
			runOnlyForDeploymentPostprocessing = 0;
		};
/* End PBXFrameworksBuildPhase section */

/* Begin PBXGroup section */
		6630C2CD279F1C1F00A05ABB /* Cases */ = {
			isa = PBXGroup;
			children = (
				669B25B626C1BEAE00FA5C5E /* TableViewWithLargeTitle.swift */,
				669B25A626C1685F00FA5C5E /* TableViewControllerWithLargeTitle.swift */,
				6630C2CE279F1C3500A05ABB /* TableViewControllerWithNormalTitle.swift */,
				6630C2D0279F48AD00A05ABB /* TableViewWithNormalTitle.swift */,
				6630C2D2279F4E1400A05ABB /* CollectionViewControllerWithLargeTitle.swift */,
				6630C2D7279F52BC00A05ABB /* UIScrollViewWIthLargeTitle.swift */,
			);
			path = Cases;
			sourceTree = "<group>";
		};
		6630C2D4279F501900A05ABB /* ViewCell */ = {
			isa = PBXGroup;
			children = (
				6630C2D5279F502100A05ABB /* CustomCollectionViewCell.swift */,
			);
			path = ViewCell;
			sourceTree = "<group>";
		};
		669B259626C1685F00FA5C5E = {
			isa = PBXGroup;
			children = (
				669B25A126C1685F00FA5C5E /* TableViewRefreshTest */,
				669B25A026C1685F00FA5C5E /* Products */,
			);
			sourceTree = "<group>";
		};
		669B25A026C1685F00FA5C5E /* Products */ = {
			isa = PBXGroup;
			children = (
				669B259F26C1685F00FA5C5E /* TableViewRefreshTest.app */,
			);
			name = Products;
			sourceTree = "<group>";
		};
		669B25A126C1685F00FA5C5E /* TableViewRefreshTest */ = {
			isa = PBXGroup;
			children = (
				6630C2D4279F501900A05ABB /* ViewCell */,
				6630C2CD279F1C1F00A05ABB /* Cases */,
				669B25A226C1685F00FA5C5E /* AppDelegate.swift */,
				669B25A426C1685F00FA5C5E /* SceneDelegate.swift */,
				669B25AB26C1686000FA5C5E /* Assets.xcassets */,
				669B25AD26C1686000FA5C5E /* LaunchScreen.storyboard */,
				669B25B026C1686000FA5C5E /* Info.plist */,
				6630C2CB279EF9B600A05ABB /* BaseListViewController.swift */,
			);
			path = TableViewRefreshTest;
			sourceTree = "<group>";
		};
/* End PBXGroup section */

/* Begin PBXNativeTarget section */
		669B259E26C1685F00FA5C5E /* TableViewRefreshTest */ = {
			isa = PBXNativeTarget;
			buildConfigurationList = 669B25B326C1686000FA5C5E /* Build configuration list for PBXNativeTarget "TableViewRefreshTest" */;
			buildPhases = (
				669B259B26C1685F00FA5C5E /* Sources */,
				669B259C26C1685F00FA5C5E /* Frameworks */,
				669B259D26C1685F00FA5C5E /* Resources */,
			);
			buildRules = (
			);
			dependencies = (
			);
			name = TableViewRefreshTest;
			packageProductDependencies = (
			);
			productName = TableViewRefreshTest;
			productReference = 669B259F26C1685F00FA5C5E /* TableViewRefreshTest.app */;
			productType = "com.apple.product-type.application";
		};
/* End PBXNativeTarget section */

/* Begin PBXProject section */
		669B259726C1685F00FA5C5E /* Project object */ = {
			isa = PBXProject;
			attributes = {
				LastSwiftUpdateCheck = 1250;
				LastUpgradeCheck = 1250;
				TargetAttributes = {
					669B259E26C1685F00FA5C5E = {
						CreatedOnToolsVersion = 12.5;
					};
				};
			};
			buildConfigurationList = 669B259A26C1685F00FA5C5E /* Build configuration list for PBXProject "TableViewRefreshTest" */;
			compatibilityVersion = "Xcode 9.3";
			developmentRegion = en;
			hasScannedForEncodings = 0;
			knownRegions = (
				en,
				Base,
			);
			mainGroup = 669B259626C1685F00FA5C5E;
			packageReferences = (
			);
			productRefGroup = 669B25A026C1685F00FA5C5E /* Products */;
			projectDirPath = "";
			projectRoot = "";
			targets = (
				669B259E26C1685F00FA5C5E /* TableViewRefreshTest */,
			);
		};
/* End PBXProject section */

/* Begin PBXResourcesBuildPhase section */
		669B259D26C1685F00FA5C5E /* Resources */ = {
			isa = PBXResourcesBuildPhase;
			buildActionMask = 2147483647;
			files = (
				669B25AF26C1686000FA5C5E /* LaunchScreen.storyboard in Resources */,
				669B25AC26C1686000FA5C5E /* Assets.xcassets in Resources */,
			);
			runOnlyForDeploymentPostprocessing = 0;
		};
/* End PBXResourcesBuildPhase section */

/* Begin PBXSourcesBuildPhase section */
		669B259B26C1685F00FA5C5E /* Sources */ = {
			isa = PBXSourcesBuildPhase;
			buildActionMask = 2147483647;
			files = (
				6630C2D8279F52BC00A05ABB /* UIScrollViewWIthLargeTitle.swift in Sources */,
				669B25A726C1685F00FA5C5E /* TableViewControllerWithLargeTitle.swift in Sources */,
				6630C2D3279F4E1400A05ABB /* CollectionViewControllerWithLargeTitle.swift in Sources */,
				6630C2CF279F1C3500A05ABB /* TableViewControllerWithNormalTitle.swift in Sources */,
				669B25A326C1685F00FA5C5E /* AppDelegate.swift in Sources */,
				669B25A526C1685F00FA5C5E /* SceneDelegate.swift in Sources */,
				6630C2CC279EF9B600A05ABB /* BaseListViewController.swift in Sources */,
				669B25B726C1BEAE00FA5C5E /* TableViewWithLargeTitle.swift in Sources */,
				6630C2D1279F48AD00A05ABB /* TableViewWithNormalTitle.swift in Sources */,
				6630C2D6279F502100A05ABB /* CustomCollectionViewCell.swift in Sources */,
			);
			runOnlyForDeploymentPostprocessing = 0;
		};
/* End PBXSourcesBuildPhase section */

/* Begin PBXVariantGroup section */
		669B25AD26C1686000FA5C5E /* LaunchScreen.storyboard */ = {
			isa = PBXVariantGroup;
			children = (
				669B25AE26C1686000FA5C5E /* Base */,
			);
			name = LaunchScreen.storyboard;
			sourceTree = "<group>";
		};
/* End PBXVariantGroup section */

/* Begin XCBuildConfiguration section */
		669B25B126C1686000FA5C5E /* Debug */ = {
			isa = XCBuildConfiguration;
			buildSettings = {
				ALWAYS_SEARCH_USER_PATHS = NO;
				CLANG_ANALYZER_NONNULL = YES;
				CLANG_ANALYZER_NUMBER_OBJECT_CONVERSION = YES_AGGRESSIVE;
				CLANG_CXX_LANGUAGE_STANDARD = "gnu++14";
				CLANG_CXX_LIBRARY = "libc++";
				CLANG_ENABLE_MODULES = YES;
				CLANG_ENABLE_OBJC_ARC = YES;
				CLANG_ENABLE_OBJC_WEAK = YES;
				CLANG_WARN_BLOCK_CAPTURE_AUTORELEASING = YES;
				CLANG_WARN_BOOL_CONVERSION = YES;
				CLANG_WARN_COMMA = YES;
				CLANG_WARN_CONSTANT_CONVERSION = YES;
				CLANG_WARN_DEPRECATED_OBJC_IMPLEMENTATIONS = YES;
				CLANG_WARN_DIRECT_OBJC_ISA_USAGE = YES_ERROR;
				CLANG_WARN_DOCUMENTATION_COMMENTS = YES;
				CLANG_WARN_EMPTY_BODY = YES;
				CLANG_WARN_ENUM_CONVERSION = YES;
				CLANG_WARN_INFINITE_RECURSION = YES;
				CLANG_WARN_INT_CONVERSION = YES;
				CLANG_WARN_NON_LITERAL_NULL_CONVERSION = YES;
				CLANG_WARN_OBJC_IMPLICIT_RETAIN_SELF = YES;
				CLANG_WARN_OBJC_LITERAL_CONVERSION = YES;
				CLANG_WARN_OBJC_ROOT_CLASS = YES_ERROR;
				CLANG_WARN_QUOTED_INCLUDE_IN_FRAMEWORK_HEADER = YES;
				CLANG_WARN_RANGE_LOOP_ANALYSIS = YES;
				CLANG_WARN_STRICT_PROTOTYPES = YES;
				CLANG_WARN_SUSPICIOUS_MOVE = YES;
				CLANG_WARN_UNGUARDED_AVAILABILITY = YES_AGGRESSIVE;
				CLANG_WARN_UNREACHABLE_CODE = YES;
				CLANG_WARN__DUPLICATE_METHOD_MATCH = YES;
				COPY_PHASE_STRIP = NO;
				DEBUG_INFORMATION_FORMAT = dwarf;
				ENABLE_STRICT_OBJC_MSGSEND = YES;
				ENABLE_TESTABILITY = YES;
				GCC_C_LANGUAGE_STANDARD = gnu11;
				GCC_DYNAMIC_NO_PIC = NO;
				GCC_NO_COMMON_BLOCKS = YES;
				GCC_OPTIMIZATION_LEVEL = 0;
				GCC_PREPROCESSOR_DEFINITIONS = (
					"DEBUG=1",
					"$(inherited)",
				);
				GCC_WARN_64_TO_32_BIT_CONVERSION = YES;
				GCC_WARN_ABOUT_RETURN_TYPE = YES_ERROR;
				GCC_WARN_UNDECLARED_SELECTOR = YES;
				GCC_WARN_UNINITIALIZED_AUTOS = YES_AGGRESSIVE;
				GCC_WARN_UNUSED_FUNCTION = YES;
				GCC_WARN_UNUSED_VARIABLE = YES;
				IPHONEOS_DEPLOYMENT_TARGET = 14.5;
				MTL_ENABLE_DEBUG_INFO = INCLUDE_SOURCE;
				MTL_FAST_MATH = YES;
				ONLY_ACTIVE_ARCH = YES;
				SDKROOT = iphoneos;
				SWIFT_ACTIVE_COMPILATION_CONDITIONS = DEBUG;
				SWIFT_OPTIMIZATION_LEVEL = "-Onone";
			};
			name = Debug;
		};
		669B25B226C1686000FA5C5E /* Release */ = {
			isa = XCBuildConfiguration;
			buildSettings = {
				ALWAYS_SEARCH_USER_PATHS = NO;
				CLANG_ANALYZER_NONNULL = YES;
				CLANG_ANALYZER_NUMBER_OBJECT_CONVERSION = YES_AGGRESSIVE;
				CLANG_CXX_LANGUAGE_STANDARD = "gnu++14";
				CLANG_CXX_LIBRARY = "libc++";
				CLANG_ENABLE_MODULES = YES;
				CLANG_ENABLE_OBJC_ARC = YES;
				CLANG_ENABLE_OBJC_WEAK = YES;
				CLANG_WARN_BLOCK_CAPTURE_AUTORELEASING = YES;
				CLANG_WARN_BOOL_CONVERSION = YES;
				CLANG_WARN_COMMA = YES;
				CLANG_WARN_CONSTANT_CONVERSION = YES;
				CLANG_WARN_DEPRECATED_OBJC_IMPLEMENTATIONS = YES;
				CLANG_WARN_DIRECT_OBJC_ISA_USAGE = YES_ERROR;
				CLANG_WARN_DOCUMENTATION_COMMENTS = YES;
				CLANG_WARN_EMPTY_BODY = YES;
				CLANG_WARN_ENUM_CONVERSION = YES;
				CLANG_WARN_INFINITE_RECURSION = YES;
				CLANG_WARN_INT_CONVERSION = YES;
				CLANG_WARN_NON_LITERAL_NULL_CONVERSION = YES;
				CLANG_WARN_OBJC_IMPLICIT_RETAIN_SELF = YES;
				CLANG_WARN_OBJC_LITERAL_CONVERSION = YES;
				CLANG_WARN_OBJC_ROOT_CLASS = YES_ERROR;
				CLANG_WARN_QUOTED_INCLUDE_IN_FRAMEWORK_HEADER = YES;
				CLANG_WARN_RANGE_LOOP_ANALYSIS = YES;
				CLANG_WARN_STRICT_PROTOTYPES = YES;
				CLANG_WARN_SUSPICIOUS_MOVE = YES;
				CLANG_WARN_UNGUARDED_AVAILABILITY = YES_AGGRESSIVE;
				CLANG_WARN_UNREACHABLE_CODE = YES;
				CLANG_WARN__DUPLICATE_METHOD_MATCH = YES;
				COPY_PHASE_STRIP = NO;
				DEBUG_INFORMATION_FORMAT = "dwarf-with-dsym";
				ENABLE_NS_ASSERTIONS = NO;
				ENABLE_STRICT_OBJC_MSGSEND = YES;
				GCC_C_LANGUAGE_STANDARD = gnu11;
				GCC_NO_COMMON_BLOCKS = YES;
				GCC_WARN_64_TO_32_BIT_CONVERSION = YES;
				GCC_WARN_ABOUT_RETURN_TYPE = YES_ERROR;
				GCC_WARN_UNDECLARED_SELECTOR = YES;
				GCC_WARN_UNINITIALIZED_AUTOS = YES_AGGRESSIVE;
				GCC_WARN_UNUSED_FUNCTION = YES;
				GCC_WARN_UNUSED_VARIABLE = YES;
				IPHONEOS_DEPLOYMENT_TARGET = 14.5;
				MTL_ENABLE_DEBUG_INFO = NO;
				MTL_FAST_MATH = YES;
				SDKROOT = iphoneos;
				SWIFT_COMPILATION_MODE = wholemodule;
				SWIFT_OPTIMIZATION_LEVEL = "-O";
				VALIDATE_PRODUCT = YES;
			};
			name = Release;
		};
		669B25B426C1686000FA5C5E /* Debug */ = {
			isa = XCBuildConfiguration;
			buildSettings = {
				ASSETCATALOG_COMPILER_APPICON_NAME = AppIcon;
				ASSETCATALOG_COMPILER_GLOBAL_ACCENT_COLOR_NAME = AccentColor;
				CODE_SIGN_STYLE = Automatic;
				DEVELOPMENT_TEAM = "";
				INFOPLIST_FILE = TableViewRefreshTest/Info.plist;
				LD_RUNPATH_SEARCH_PATHS = (
					"$(inherited)",
					"@executable_path/Frameworks",
				);
				PRODUCT_BUNDLE_IDENTIFIER = com.bepro11.TableViewRefreshTest;
				PRODUCT_NAME = "$(TARGET_NAME)";
				SWIFT_VERSION = 5.0;
				TARGETED_DEVICE_FAMILY = "1,2";
			};
			name = Debug;
		};
		669B25B526C1686000FA5C5E /* Release */ = {
			isa = XCBuildConfiguration;
			buildSettings = {
				ASSETCATALOG_COMPILER_APPICON_NAME = AppIcon;
				ASSETCATALOG_COMPILER_GLOBAL_ACCENT_COLOR_NAME = AccentColor;
				CODE_SIGN_STYLE = Automatic;
				DEVELOPMENT_TEAM = "";
				INFOPLIST_FILE = TableViewRefreshTest/Info.plist;
				LD_RUNPATH_SEARCH_PATHS = (
					"$(inherited)",
					"@executable_path/Frameworks",
				);
				PRODUCT_BUNDLE_IDENTIFIER = com.bepro11.TableViewRefreshTest;
				PRODUCT_NAME = "$(TARGET_NAME)";
				SWIFT_VERSION = 5.0;
				TARGETED_DEVICE_FAMILY = "1,2";
			};
			name = Release;
		};
/* End XCBuildConfiguration section */

/* Begin XCConfigurationList section */
		669B259A26C1685F00FA5C5E /* Build configuration list for PBXProject "TableViewRefreshTest" */ = {
			isa = XCConfigurationList;
			buildConfigurations = (
				669B25B126C1686000FA5C5E /* Debug */,
				669B25B226C1686000FA5C5E /* Release */,
			);
			defaultConfigurationIsVisible = 0;
			defaultConfigurationName = Release;
		};
		669B25B326C1686000FA5C5E /* Build configuration list for PBXNativeTarget "TableViewRefreshTest" */ = {
			isa = XCConfigurationList;
			buildConfigurations = (
				669B25B426C1686000FA5C5E /* Debug */,
				669B25B526C1686000FA5C5E /* Release */,
			);
			defaultConfigurationIsVisible = 0;
			defaultConfigurationName = Release;
		};
/* End XCConfigurationList section */
	};
	rootObject = 669B259726C1685F00FA5C5E /* Project object */;
}
